
Microsoft Visual Studio Solution File, Format Version 12.00
# Visual Studio Version 16
VisualStudioVersion = 16.0.29424.173
MinimumVisualStudioVersion = 10.0.40219.1
Project("{159641D6-6404-4A2A-AE62-294DE0FE8301}") = "1_MirrorToDwh", "1_MirrorToDwh.dtproj", "{437CF766-E8E4-4369-929C-16C6373671C4}"
EndProject
Global
	GlobalSection(SolutionConfigurationPlatforms) = preSolution
		Development|Default = Development|Default
	EndGlobalSection
	GlobalSection(ProjectConfigurationPlatforms) = postSolution
		{437CF766-E8E4-4369-929C-16C6373671C4}.Development|Default.ActiveCfg = Development
		{437CF766-E8E4-4369-929C-16C6373671C4}.Development|Default.Build.0 = Development
	EndGlobalSection
	GlobalSection(SolutionProperties) = preSolution
		HideSolutionNode = FALSE
	EndGlobalSection
	GlobalSection(ExtensibilityGlobals) = postSolution
		SolutionGuid = {9A6DCFFF-517A-455B-A718-697830733BED}
	EndGlobalSection
EndGlobal
